
Microsoft Visual Studio Solution File, Format Version 12.00
# Visual Studio Version 17
VisualStudioVersion = 17.3.32922.545
MinimumVisualStudioVersion = 10.0.40219.1
Project("{9A19103F-16F7-4668-BE54-9A1E7A4F7556}") = "MainApplicaion", "WebApplication3\MainApplicaion.csproj", "{E8937F68-230F-4A53-91FE-EDA9DA261EC7}"
EndProject
Global
	GlobalSection(SolutionConfigurationPlatforms) = preSolution
		Debug|Any CPU = Debug|Any CPU
		Release|Any CPU = Release|Any CPU
	EndGlobalSection
	GlobalSection(ProjectConfigurationPlatforms) = postSolution
		{E8937F68-230F-4A53-91FE-EDA9DA261EC7}.Debug|Any CPU.ActiveCfg = Debug|Any CPU
		{E8937F68-230F-4A53-91FE-EDA9DA261EC7}.Debug|Any CPU.Build.0 = Debug|Any CPU
		{E8937F68-230F-4A53-91FE-EDA9DA261EC7}.Release|Any CPU.ActiveCfg = Release|Any CPU
		{E8937F68-230F-4A53-91FE-EDA9DA261EC7}.Release|Any CPU.Build.0 = Release|Any CPU
	EndGlobalSection
	GlobalSection(SolutionProperties) = preSolution
		HideSolutionNode = FALSE
	EndGlobalSection
	GlobalSection(ExtensibilityGlobals) = postSolution
		SolutionGuid = {25205963-4DAC-432C-B0BF-F563F995FFE0}
	EndGlobalSection
EndGlobal
